{
  "name": "ecma",
  "version": "1.0.0",
  "lockfileVersion": 1,
  "requires": true,
  "dependencies": {
    "@babel/register": {
      "version": "7.10.5",
      "resolved": "http://npm.devops.xiaohongshu.com:7001/@babel/register/download/@babel/register-7.10.5.tgz",
      "integrity": "sha1-NU81dIlfEwf3nv43pRUl5S/TjYk=",
      "dev": true,
      "requires": {
        "find-cache-dir": "^2.0.0",
        "lodash": "^4.17.19",
        "make-dir": "^2.1.0",
        "pirates": "^4.0.0",
        "source-map-support": "^0.5.16"
      }
    },
    "buffer-from": {
      "version": "1.1.1",
      "resolved": "http://npm.devops.xiaohongshu.com:7001/buffer-from/download/buffer-from-1.1.1.tgz",
      "integrity": "sha1-MnE7wCj3XAL9txDXx7zsHyxgcO8=",
      "dev": true
    },
    "commondir": {
      "version": "1.0.1",
      "resolved": "http://npm.devops.xiaohongshu.com:7001/commondir/download/commondir-1.0.1.tgz",
      "integrity": "sha1-3dgA2gxmEnOTzKWVDqloo6rxJTs=",
      "dev": true
    },
    "find-cache-dir": {
      "version": "2.1.0",
      "resolved": "http://npm.devops.xiaohongshu.com:7001/find-cache-dir/download/find-cache-dir-2.1.0.tgz",
      "integrity": "sha1-jQ+UzRP+Q8bHwmGg2GEVypGMBfc=",
      "dev": true,
      "requires": {
        "commondir": "^1.0.1",
        "make-dir": "^2.0.0",
        "pkg-dir": "^3.0.0"
      }
    },
    "find-up": {
      "version": "3.0.0",
      "resolved": "http://npm.devops.xiaohongshu.com:7001/find-up/download/find-up-3.0.0.tgz",
      "integrity": "sha1-SRafHXmTQwZG2mHsxa41XCHJe3M=",
      "dev": true,
      "requires": {
        "locate-path": "^3.0.0"
      }
    },
    "locate-path": {
      "version": "3.0.0",
      "resolved": "http://npm.devops.xiaohongshu.com:7001/locate-path/download/locate-path-3.0.0.tgz",
      "integrity": "sha1-2+w7OrdZdYBxtY/ln8QYca8hQA4=",
      "dev": true,
      "requires": {
        "p-locate": "^3.0.0",
        "path-exists": "^3.0.0"
      }
    },
    "lodash": {
      "version": "4.17.19",
      "resolved": "http://npm.devops.xiaohongshu.com:7001/lodash/download/lodash-4.17.19.tgz",
      "integrity": "sha1-5I3e2+MLMyF4PFtDAfvTU7weSks=",
      "dev": true
    },
    "make-dir": {
      "version": "2.1.0",
      "resolved": "http://npm.devops.xiaohongshu.com:7001/make-dir/download/make-dir-2.1.0.tgz",
      "integrity": "sha1-XwMQ4YuL6JjMBwCSlaMK5B6R5vU=",
      "dev": true,
      "requires": {
        "pify": "^4.0.1",
        "semver": "^5.6.0"
      }
    },
    "node-modules-regexp": {
      "version": "1.0.0",
      "resolved": "http://npm.devops.xiaohongshu.com:7001/node-modules-regexp/download/node-modules-regexp-1.0.0.tgz",
      "integrity": "sha1-jZ2+KJZKSsVxLpExZCEHxx6Q7EA=",
      "dev": true
    },
    "p-limit": {
      "version": "2.3.0",
      "resolved": "http://npm.devops.xiaohongshu.com:7001/p-limit/download/p-limit-2.3.0.tgz",
      "integrity": "sha1-PdM8ZHohT9//2DWTPrCG2g3CHbE=",
      "dev": true,
      "requires": {
        "p-try": "^2.0.0"
      }
    },
    "p-locate": {
      "version": "3.0.0",
      "resolved": "http://npm.devops.xiaohongshu.com:7001/p-locate/download/p-locate-3.0.0.tgz",
      "integrity": "sha1-Mi1poFwCZLJZl9n0DNiokasAZKQ=",
      "dev": true,
      "requires": {
        "p-limit": "^2.0.0"
      }
    },
    "p-try": {
      "version": "2.2.0",
      "resolved": "http://npm.devops.xiaohongshu.com:7001/p-try/download/p-try-2.2.0.tgz",
      "integrity": "sha1-yyhoVA4xPWHeWPr741zpAE1VQOY=",
      "dev": true
    },
    "path-exists": {
      "version": "3.0.0",
      "resolved": "http://npm.devops.xiaohongshu.com:7001/path-exists/download/path-exists-3.0.0.tgz",
      "integrity": "sha1-zg6+ql94yxiSXqfYENe1mwEP1RU=",
      "dev": true
    },
    "pify": {
      "version": "4.0.1",
      "resolved": "http://npm.devops.xiaohongshu.com:7001/pify/download/pify-4.0.1.tgz",
      "integrity": "sha1-SyzSXFDVmHNcUCkiJP2MbfQeMjE=",
      "dev": true
    },
    "pirates": {
      "version": "4.0.1",
      "resolved": "http://npm.devops.xiaohongshu.com:7001/pirates/download/pirates-4.0.1.tgz",
      "integrity": "sha1-ZDqSyviUVm+RsrmG0sZpUKji+4c=",
      "dev": true,
      "requires": {
        "node-modules-regexp": "^1.0.0"
      }
    },
    "pkg-dir": {
      "version": "3.0.0",
      "resolved": "http://npm.devops.xiaohongshu.com:7001/pkg-dir/download/pkg-dir-3.0.0.tgz",
      "integrity": "sha1-J0kCDyOe2ZCIGx9xIQ1R62UjvqM=",
      "dev": true,
      "requires": {
        "find-up": "^3.0.0"
      }
    },
    "semver": {
      "version": "5.7.1",
      "resolved": "http://npm.devops.xiaohongshu.com:7001/semver/download/semver-5.7.1.tgz",
      "integrity": "sha1-qVT5Ma66UI0we78Gnv8MAclhFvc=",
      "dev": true
    },
    "source-map-support": {
      "version": "0.5.19",
      "resolved": "http://npm.devops.xiaohongshu.com:7001/source-map-support/download/source-map-support-0.5.19.tgz",
      "integrity": "sha1-qYti+G3K9PZzmWSMCFKRq56P7WE=",
      "dev": true,
      "requires": {
        "buffer-from": "^1.0.0",
        "source-map": "^0.6.0"
      },
      "dependencies": {
        "source-map": {
          "version": "0.6.1",
          "resolved": "http://npm.devops.xiaohongshu.com:7001/source-map/download/source-map-0.6.1.tgz",
          "integrity": "sha1-dHIq8y6WFOnCh6jQu95IteLxomM=",
          "dev": true
        }
      }
    }
  }
}
